// !$*UTF8*$!
{
	archiveVersion = 1;
	classes = {
	};
	objectVersion = 46;
	objects = {

/* Begin PBXBuildFile section */
		21e81a737c4763b567c420d6 /* AppDelegate.m in Sources */ = {isa = PBXBuildFile; fileRef = AE8116B11AADEB3D0091B3F3 /* AppDelegate.m */; };
		41c662b9e3e6b1621bff0e75 /* ViewController.m in Sources */ = {isa = PBXBuildFile; fileRef = AE8116B41AADEB3D0091B3F3 /* ViewController.m */; };
		430c01168d751be1f6df1fdd /* Main.storyboard in Resources */ = {isa = PBXBuildFile; fileRef = AE8116B61AADEB3D0091B3F3 /* Main.storyboard */; };
		4346fb0786ba5da6e96a2ff7 /* Images.xcassets in Resources */ = {isa = PBXBuildFile; fileRef = AE8116B91AADEB3D0091B3F3 /* Images.xcassets */; };
		4e7602b6646c9807cbd86a9c /* main.m in Sources */ = {isa = PBXBuildFile; fileRef = AE8116AE1AADEB3D0091B3F3 /* main.m */; };
		661d49132cc7cb4f94387c33 /* LaunchScreen.xib in Resources */ = {isa = PBXBuildFile; fileRef = AE8116BB1AADEB3D0091B3F3 /* LaunchScreen.xib */; };
		AE8116AF1AADEB3D0091B3F3 /* main.m in Sources */ = {isa = PBXBuildFile; fileRef = AE8116AE1AADEB3D0091B3F3 /* main.m */; };
		AE8116B21AADEB3D0091B3F3 /* AppDelegate.m in Sources */ = {isa = PBXBuildFile; fileRef = AE8116B11AADEB3D0091B3F3 /* AppDelegate.m */; };
		AE8116B51AADEB3D0091B3F3 /* ViewController.m in Sources */ = {isa = PBXBuildFile; fileRef = AE8116B41AADEB3D0091B3F3 /* ViewController.m */; };
		AE8116B81AADEB3D0091B3F3 /* Main.storyboard in Resources */ = {isa = PBXBuildFile; fileRef = AE8116B61AADEB3D0091B3F3 /* Main.storyboard */; };
		AE8116BA1AADEB3D0091B3F3 /* Images.xcassets in Resources */ = {isa = PBXBuildFile; fileRef = AE8116B91AADEB3D0091B3F3 /* Images.xcassets */; };
		AE8116BD1AADEB3D0091B3F3 /* LaunchScreen.xib in Resources */ = {isa = PBXBuildFile; fileRef = AE8116BB1AADEB3D0091B3F3 /* LaunchScreen.xib */; };
		AE8116C91AADEB3D0091B3F3 /* LoginDemoTests.m in Sources */ = {isa = PBXBuildFile; fileRef = AE8116C81AADEB3D0091B3F3 /* LoginDemoTests.m */; };
		AE8116D41AADEB730091B3F3 /* ResultViewController.m in Sources */ = {isa = PBXBuildFile; fileRef = AE8116D31AADEB730091B3F3 /* ResultViewController.m */; };
		AE8116D61AAE01ED0091B3F3 /* calabash.framework in Frameworks */ = {isa = PBXBuildFile; fileRef = AE8116D51AAE01ED0091B3F3 /* calabash.framework */; };
		AE8116DB1AAE02790091B3F3 /* calabash.framework in Frameworks */ = {isa = PBXBuildFile; fileRef = AE8116DA1AAE02790091B3F3 /* calabash.framework */; };
		d0ee9d46f359eab278a993b4 /* ResultViewController.m in Sources */ = {isa = PBXBuildFile; fileRef = AE8116D31AADEB730091B3F3 /* ResultViewController.m */; };
		f6875e199d6d8ade347c2a15 /* CFNetwork.framework in Frameworks */ = {isa = PBXBuildFile; fileRef = 10e0d84ab6a2725ca9d30f45 /* CFNetwork.framework */; };
/* End PBXBuildFile section */

/* Begin PBXContainerItemProxy section */
		AE8116C31AADEB3D0091B3F3 /* PBXContainerItemProxy */ = {
			isa = PBXContainerItemProxy;
			containerPortal = AE8116A11AADEB3D0091B3F3 /* Project object */;
			proxyType = 1;
			remoteGlobalIDString = AE8116A81AADEB3D0091B3F3;
			remoteInfo = LoginDemo;
		};
/* End PBXContainerItemProxy section */

/* Begin PBXFileReference section */
		10e0d84ab6a2725ca9d30f45 /* CFNetwork.framework */ = {isa = PBXFileReference; fileEncoding = 4; lastKnownFileType = wrapper.framework; name = CFNetwork.framework; path = System/Library/Frameworks/CFNetwork.framework; sourceTree = SDKROOT; };
		AE8116A91AADEB3D0091B3F3 /* LoginDemo.app */ = {isa = PBXFileReference; explicitFileType = wrapper.application; includeInIndex = 0; path = LoginDemo.app; sourceTree = BUILT_PRODUCTS_DIR; };
		AE8116AD1AADEB3D0091B3F3 /* Info.plist */ = {isa = PBXFileReference; lastKnownFileType = text.plist.xml; path = Info.plist; sourceTree = "<group>"; };
		AE8116AE1AADEB3D0091B3F3 /* main.m */ = {isa = PBXFileReference; lastKnownFileType = sourcecode.c.objc; path = main.m; sourceTree = "<group>"; };
		AE8116B01AADEB3D0091B3F3 /* AppDelegate.h */ = {isa = PBXFileReference; lastKnownFileType = sourcecode.c.h; path = AppDelegate.h; sourceTree = "<group>"; };
		AE8116B11AADEB3D0091B3F3 /* AppDelegate.m */ = {isa = PBXFileReference; lastKnownFileType = sourcecode.c.objc; path = AppDelegate.m; sourceTree = "<group>"; };
		AE8116B31AADEB3D0091B3F3 /* ViewController.h */ = {isa = PBXFileReference; lastKnownFileType = sourcecode.c.h; path = ViewController.h; sourceTree = "<group>"; };
		AE8116B41AADEB3D0091B3F3 /* ViewController.m */ = {isa = PBXFileReference; lastKnownFileType = sourcecode.c.objc; path = ViewController.m; sourceTree = "<group>"; };
		AE8116B71AADEB3D0091B3F3 /* Base */ = {isa = PBXFileReference; lastKnownFileType = file.storyboard; name = Base; path = Base.lproj/Main.storyboard; sourceTree = "<group>"; };
		AE8116B91AADEB3D0091B3F3 /* Images.xcassets */ = {isa = PBXFileReference; lastKnownFileType = folder.assetcatalog; path = Images.xcassets; sourceTree = "<group>"; };
		AE8116BC1AADEB3D0091B3F3 /* Base */ = {isa = PBXFileReference; lastKnownFileType = file.xib; name = Base; path = Base.lproj/LaunchScreen.xib; sourceTree = "<group>"; };
		AE8116C21AADEB3D0091B3F3 /* LoginDemoTests.xctest */ = {isa = PBXFileReference; explicitFileType = wrapper.cfbundle; includeInIndex = 0; path = LoginDemoTests.xctest; sourceTree = BUILT_PRODUCTS_DIR; };
		AE8116C71AADEB3D0091B3F3 /* Info.plist */ = {isa = PBXFileReference; lastKnownFileType = text.plist.xml; path = Info.plist; sourceTree = "<group>"; };
		AE8116C81AADEB3D0091B3F3 /* LoginDemoTests.m */ = {isa = PBXFileReference; lastKnownFileType = sourcecode.c.objc; path = LoginDemoTests.m; sourceTree = "<group>"; };
		AE8116D21AADEB730091B3F3 /* ResultViewController.h */ = {isa = PBXFileReference; fileEncoding = 4; lastKnownFileType = sourcecode.c.h; path = ResultViewController.h; sourceTree = "<group>"; };
		AE8116D31AADEB730091B3F3 /* ResultViewController.m */ = {isa = PBXFileReference; fileEncoding = 4; lastKnownFileType = sourcecode.c.objc; path = ResultViewController.m; sourceTree = "<group>"; };
		AE8116D51AAE01ED0091B3F3 /* calabash.framework */ = {isa = PBXFileReference; lastKnownFileType = wrapper.framework; name = calabash.framework; path = ../../../Documents/calabash.framework; sourceTree = "<group>"; };
		AE8116D91AAE023A0091B3F3 /* LoginDemo-cal.app */ = {isa = PBXFileReference; explicitFileType = wrapper.application; includeInIndex = 0; path = "LoginDemo-cal.app"; sourceTree = BUILT_PRODUCTS_DIR; };
		AE8116DA1AAE02790091B3F3 /* calabash.framework */ = {isa = PBXFileReference; lastKnownFileType = wrapper.framework; path = calabash.framework; sourceTree = "<group>"; };
/* End PBXFileReference section */

/* Begin PBXFrameworksBuildPhase section */
		6d560809d367f72f99a95476 /* Frameworks */ = {
			isa = PBXFrameworksBuildPhase;
			buildActionMask = 2147483647;
			files = (
				AE8116DB1AAE02790091B3F3 /* calabash.framework in Frameworks */,
				f6875e199d6d8ade347c2a15 /* CFNetwork.framework in Frameworks */,
			);
			runOnlyForDeploymentPostprocessing = 0;
		};
		AE8116A61AADEB3D0091B3F3 /* Frameworks */ = {
			isa = PBXFrameworksBuildPhase;
			buildActionMask = 2147483647;
			files = (
				AE8116D61AAE01ED0091B3F3 /* calabash.framework in Frameworks */,
			);
			runOnlyForDeploymentPostprocessing = 0;
		};
		AE8116BF1AADEB3D0091B3F3 /* Frameworks */ = {
			isa = PBXFrameworksBuildPhase;
			buildActionMask = 2147483647;
			files = (
			);
			runOnlyForDeploymentPostprocessing = 0;
		};
/* End PBXFrameworksBuildPhase section */

/* Begin PBXGroup section */
		AE8116A01AADEB3D0091B3F3 = {
			isa = PBXGroup;
			children = (
				AE8116DA1AAE02790091B3F3 /* calabash.framework */,
				AE8116AB1AADEB3D0091B3F3 /* LoginDemo */,
				AE8116C51AADEB3D0091B3F3 /* LoginDemoTests */,
				AE8116AA1AADEB3D0091B3F3 /* Products */,
			);
			sourceTree = "<group>";
		};
		AE8116AA1AADEB3D0091B3F3 /* Products */ = {
			isa = PBXGroup;
			children = (
				AE8116A91AADEB3D0091B3F3 /* LoginDemo.app */,
				AE8116C21AADEB3D0091B3F3 /* LoginDemoTests.xctest */,
				AE8116D91AAE023A0091B3F3 /* LoginDemo-cal.app */,
			);
			name = Products;
			sourceTree = "<group>";
		};
		AE8116AB1AADEB3D0091B3F3 /* LoginDemo */ = {
			isa = PBXGroup;
			children = (
				AE8116D71AAE022E0091B3F3 /* Frameworks */,
				AE8116B01AADEB3D0091B3F3 /* AppDelegate.h */,
				AE8116B11AADEB3D0091B3F3 /* AppDelegate.m */,
				AE8116B31AADEB3D0091B3F3 /* ViewController.h */,
				AE8116B41AADEB3D0091B3F3 /* ViewController.m */,
				AE8116B61AADEB3D0091B3F3 /* Main.storyboard */,
				AE8116B91AADEB3D0091B3F3 /* Images.xcassets */,
				AE8116BB1AADEB3D0091B3F3 /* LaunchScreen.xib */,
				AE8116AC1AADEB3D0091B3F3 /* Supporting Files */,
				AE8116D21AADEB730091B3F3 /* ResultViewController.h */,
				AE8116D31AADEB730091B3F3 /* ResultViewController.m */,
			);
			path = LoginDemo;
			sourceTree = "<group>";
		};
		AE8116AC1AADEB3D0091B3F3 /* Supporting Files */ = {
			isa = PBXGroup;
			children = (
				AE8116AD1AADEB3D0091B3F3 /* Info.plist */,
				AE8116AE1AADEB3D0091B3F3 /* main.m */,
			);
			name = "Supporting Files";
			sourceTree = "<group>";
		};
		AE8116C51AADEB3D0091B3F3 /* LoginDemoTests */ = {
			isa = PBXGroup;
			children = (
				AE8116C81AADEB3D0091B3F3 /* LoginDemoTests.m */,
				AE8116C61AADEB3D0091B3F3 /* Supporting Files */,
			);
			path = LoginDemoTests;
			sourceTree = "<group>";
		};
		AE8116C61AADEB3D0091B3F3 /* Supporting Files */ = {
			isa = PBXGroup;
			children = (
				AE8116C71AADEB3D0091B3F3 /* Info.plist */,
			);
			name = "Supporting Files";
			sourceTree = "<group>";
		};
		AE8116D71AAE022E0091B3F3 /* Frameworks */ = {
			isa = PBXGroup;
			children = (
				AE8116D51AAE01ED0091B3F3 /* calabash.framework */,
				10e0d84ab6a2725ca9d30f45 /* CFNetwork.framework */,
			);
			name = Frameworks;
			path = LoginDemo;
			sourceTree = "<group>";
		};
/* End PBXGroup section */

/* Begin PBXNativeTarget section */
		AE8116A81AADEB3D0091B3F3 /* LoginDemo */ = {
			isa = PBXNativeTarget;
			buildConfigurationList = AE8116CC1AADEB3D0091B3F3 /* Build configuration list for PBXNativeTarget "LoginDemo" */;
			buildPhases = (
				AE8116A51AADEB3D0091B3F3 /* Sources */,
				AE8116A61AADEB3D0091B3F3 /* Frameworks */,
				AE8116A71AADEB3D0091B3F3 /* Resources */,
			);
			buildRules = (
			);
			dependencies = (
			);
			name = LoginDemo;
			productName = LoginDemo;
			productReference = AE8116A91AADEB3D0091B3F3 /* LoginDemo.app */;
			productType = "com.apple.product-type.application";
		};
		AE8116C11AADEB3D0091B3F3 /* LoginDemoTests */ = {
			isa = PBXNativeTarget;
			buildConfigurationList = AE8116CF1AADEB3D0091B3F3 /* Build configuration list for PBXNativeTarget "LoginDemoTests" */;
			buildPhases = (
				AE8116BE1AADEB3D0091B3F3 /* Sources */,
				AE8116BF1AADEB3D0091B3F3 /* Frameworks */,
				AE8116C01AADEB3D0091B3F3 /* Resources */,
			);
			buildRules = (
			);
			dependencies = (
				AE8116C41AADEB3D0091B3F3 /* PBXTargetDependency */,
			);
			name = LoginDemoTests;
			productName = LoginDemoTests;
			productReference = AE8116C21AADEB3D0091B3F3 /* LoginDemoTests.xctest */;
			productType = "com.apple.product-type.bundle.unit-test";
		};
		c8481d8770af41eb9bf69002 /* LoginDemo-cal */ = {
			isa = PBXNativeTarget;
			buildConfigurationList = 3b63204564caba807d13cbb1 /* Build configuration list for PBXNativeTarget "LoginDemo-cal" */;
			buildPhases = (
				f2218a1d48ad201901f51145 /* Sources */,
				6d560809d367f72f99a95476 /* Frameworks */,
				ae06d0e102575ddfbff024a7 /* Resources */,
			);
			buildRules = (
			);
			dependencies = (
			);
			name = "LoginDemo-cal";
			productName = "LoginDemo-cal";
			productReference = AE8116D91AAE023A0091B3F3 /* LoginDemo-cal.app */;
			productType = "com.apple.product-type.application";
		};
/* End PBXNativeTarget section */

/* Begin PBXProject section */
		AE8116A11AADEB3D0091B3F3 /* Project object */ = {
			isa = PBXProject;
			attributes = {
				LastUpgradeCheck = 0610;
				ORGANIZATIONNAME = "Antonio Martinez Garcia";
				TargetAttributes = {
					AE8116A81AADEB3D0091B3F3 = {
						CreatedOnToolsVersion = 6.1.1;
					};
					AE8116C11AADEB3D0091B3F3 = {
						CreatedOnToolsVersion = 6.1.1;
						TestTargetID = AE8116A81AADEB3D0091B3F3;
					};
				};
			};
			buildConfigurationList = AE8116A41AADEB3D0091B3F3 /* Build configuration list for PBXProject "LoginDemo" */;
			compatibilityVersion = "Xcode 3.2";
			developmentRegion = English;
			hasScannedForEncodings = 0;
			knownRegions = (
				en,
				Base,
			);
			mainGroup = AE8116A01AADEB3D0091B3F3;
			productRefGroup = AE8116AA1AADEB3D0091B3F3 /* Products */;
			projectDirPath = "";
			projectRoot = "";
			targets = (
				AE8116A81AADEB3D0091B3F3 /* LoginDemo */,
				AE8116C11AADEB3D0091B3F3 /* LoginDemoTests */,
				c8481d8770af41eb9bf69002 /* LoginDemo-cal */,
			);
		};
/* End PBXProject section */

/* Begin PBXResourcesBuildPhase section */
		AE8116A71AADEB3D0091B3F3 /* Resources */ = {
			isa = PBXResourcesBuildPhase;
			buildActionMask = 2147483647;
			files = (
				AE8116B81AADEB3D0091B3F3 /* Main.storyboard in Resources */,
				AE8116BD1AADEB3D0091B3F3 /* LaunchScreen.xib in Resources */,
				AE8116BA1AADEB3D0091B3F3 /* Images.xcassets in Resources */,
			);
			runOnlyForDeploymentPostprocessing = 0;
		};
		AE8116C01AADEB3D0091B3F3 /* Resources */ = {
			isa = PBXResourcesBuildPhase;
			buildActionMask = 2147483647;
			files = (
			);
			runOnlyForDeploymentPostprocessing = 0;
		};
		ae06d0e102575ddfbff024a7 /* Resources */ = {
			isa = PBXResourcesBuildPhase;
			buildActionMask = 2147483647;
			files = (
				430c01168d751be1f6df1fdd /* Main.storyboard in Resources */,
				661d49132cc7cb4f94387c33 /* LaunchScreen.xib in Resources */,
				4346fb0786ba5da6e96a2ff7 /* Images.xcassets in Resources */,
			);
			runOnlyForDeploymentPostprocessing = 0;
		};
/* End PBXResourcesBuildPhase section */

/* Begin PBXSourcesBuildPhase section */
		AE8116A51AADEB3D0091B3F3 /* Sources */ = {
			isa = PBXSourcesBuildPhase;
			buildActionMask = 2147483647;
			files = (
				AE8116B51AADEB3D0091B3F3 /* ViewController.m in Sources */,
				AE8116B21AADEB3D0091B3F3 /* AppDelegate.m in Sources */,
				AE8116AF1AADEB3D0091B3F3 /* main.m in Sources */,
				AE8116D41AADEB730091B3F3 /* ResultViewController.m in Sources */,
			);
			runOnlyForDeploymentPostprocessing = 0;
		};
		AE8116BE1AADEB3D0091B3F3 /* Sources */ = {
			isa = PBXSourcesBuildPhase;
			buildActionMask = 2147483647;
			files = (
				AE8116C91AADEB3D0091B3F3 /* LoginDemoTests.m in Sources */,
			);
			runOnlyForDeploymentPostprocessing = 0;
		};
		f2218a1d48ad201901f51145 /* Sources */ = {
			isa = PBXSourcesBuildPhase;
			buildActionMask = 2147483647;
			files = (
				41c662b9e3e6b1621bff0e75 /* ViewController.m in Sources */,
				21e81a737c4763b567c420d6 /* AppDelegate.m in Sources */,
				4e7602b6646c9807cbd86a9c /* main.m in Sources */,
				d0ee9d46f359eab278a993b4 /* ResultViewController.m in Sources */,
			);
			runOnlyForDeploymentPostprocessing = 0;
		};
/* End PBXSourcesBuildPhase section */

/* Begin PBXTargetDependency section */
		AE8116C41AADEB3D0091B3F3 /* PBXTargetDependency */ = {
			isa = PBXTargetDependency;
			target = AE8116A81AADEB3D0091B3F3 /* LoginDemo */;
			targetProxy = AE8116C31AADEB3D0091B3F3 /* PBXContainerItemProxy */;
		};
/* End PBXTargetDependency section */

/* Begin PBXVariantGroup section */
		AE8116B61AADEB3D0091B3F3 /* Main.storyboard */ = {
			isa = PBXVariantGroup;
			children = (
				AE8116B71AADEB3D0091B3F3 /* Base */,
			);
			name = Main.storyboard;
			sourceTree = "<group>";
		};
		AE8116BB1AADEB3D0091B3F3 /* LaunchScreen.xib */ = {
			isa = PBXVariantGroup;
			children = (
				AE8116BC1AADEB3D0091B3F3 /* Base */,
			);
			name = LaunchScreen.xib;
			sourceTree = "<group>";
		};
/* End PBXVariantGroup section */

/* Begin XCBuildConfiguration section */
		7acd4a73b832846e3c58d1d3 /* Release */ = {
			isa = XCBuildConfiguration;
			buildSettings = {
				ASSETCATALOG_COMPILER_APPICON_NAME = AppIcon;
				FRAMEWORK_SEARCH_PATHS = (
					"$(inherited)",
					/Volumes/DATA/Users/angarcia/Documents,
					"$(SRCROOT)",
					"$(PROJECT_DIR)",
					/Volumes/DATA/Users/angarcia/Projects/Documents,
				);
				INFOPLIST_FILE = LoginDemo/Info.plist;
				LD_RUNPATH_SEARCH_PATHS = "$(inherited) @executable_path/Frameworks";
				OTHER_LDFLAGS = (
					"$(inherited)",
					"-force_load",
					"\"$(SRCROOT)/calabash.framework/calabash\"",
					"-lstdc++",
				);
				PRODUCT_NAME = "$(TARGET_NAME)";
			};
			name = Release;
		};
		AE8116CA1AADEB3D0091B3F3 /* Debug */ = {
			isa = XCBuildConfiguration;
			buildSettings = {
				ALWAYS_SEARCH_USER_PATHS = NO;
				CLANG_CXX_LANGUAGE_STANDARD = "gnu++0x";
				CLANG_CXX_LIBRARY = "libc++";
				CLANG_ENABLE_MODULES = YES;
				CLANG_ENABLE_OBJC_ARC = YES;
				CLANG_WARN_BOOL_CONVERSION = YES;
				CLANG_WARN_CONSTANT_CONVERSION = YES;
				CLANG_WARN_DIRECT_OBJC_ISA_USAGE = YES_ERROR;
				CLANG_WARN_EMPTY_BODY = YES;
				CLANG_WARN_ENUM_CONVERSION = YES;
				CLANG_WARN_INT_CONVERSION = YES;
				CLANG_WARN_OBJC_ROOT_CLASS = YES_ERROR;
				CLANG_WARN_UNREACHABLE_CODE = YES;
				CLANG_WARN__DUPLICATE_METHOD_MATCH = YES;
				"CODE_SIGN_IDENTITY[sdk=iphoneos*]" = "iPhone Developer";
				COPY_PHASE_STRIP = NO;
				ENABLE_STRICT_OBJC_MSGSEND = YES;
				GCC_C_LANGUAGE_STANDARD = gnu99;
				GCC_DYNAMIC_NO_PIC = NO;
				GCC_OPTIMIZATION_LEVEL = 0;
				GCC_PREPROCESSOR_DEFINITIONS = (
					"DEBUG=1",
					"$(inherited)",
				);
				GCC_SYMBOLS_PRIVATE_EXTERN = NO;
				GCC_WARN_64_TO_32_BIT_CONVERSION = YES;
				GCC_WARN_ABOUT_RETURN_TYPE = YES_ERROR;
				GCC_WARN_UNDECLARED_SELECTOR = YES;
				GCC_WARN_UNINITIALIZED_AUTOS = YES_AGGRESSIVE;
				GCC_WARN_UNUSED_FUNCTION = YES;
				GCC_WARN_UNUSED_VARIABLE = YES;
				IPHONEOS_DEPLOYMENT_TARGET = 8.1;
				MTL_ENABLE_DEBUG_INFO = YES;
				ONLY_ACTIVE_ARCH = YES;
				SDKROOT = iphoneos;
			};
			name = Debug;
		};
		AE8116CB1AADEB3D0091B3F3 /* Release */ = {
			isa = XCBuildConfiguration;
			buildSettings = {
				ALWAYS_SEARCH_USER_PATHS = NO;
				CLANG_CXX_LANGUAGE_STANDARD = "gnu++0x";
				CLANG_CXX_LIBRARY = "libc++";
				CLANG_ENABLE_MODULES = YES;
				CLANG_ENABLE_OBJC_ARC = YES;
				CLANG_WARN_BOOL_CONVERSION = YES;
				CLANG_WARN_CONSTANT_CONVERSION = YES;
				CLANG_WARN_DIRECT_OBJC_ISA_USAGE = YES_ERROR;
				CLANG_WARN_EMPTY_BODY = YES;
				CLANG_WARN_ENUM_CONVERSION = YES;
				CLANG_WARN_INT_CONVERSION = YES;
				CLANG_WARN_OBJC_ROOT_CLASS = YES_ERROR;
				CLANG_WARN_UNREACHABLE_CODE = YES;
				CLANG_WARN__DUPLICATE_METHOD_MATCH = YES;
				"CODE_SIGN_IDENTITY[sdk=iphoneos*]" = "iPhone Developer";
				COPY_PHASE_STRIP = YES;
				ENABLE_NS_ASSERTIONS = NO;
				ENABLE_STRICT_OBJC_MSGSEND = YES;
				GCC_C_LANGUAGE_STANDARD = gnu99;
				GCC_WARN_64_TO_32_BIT_CONVERSION = YES;
				GCC_WARN_ABOUT_RETURN_TYPE = YES_ERROR;
				GCC_WARN_UNDECLARED_SELECTOR = YES;
				GCC_WARN_UNINITIALIZED_AUTOS = YES_AGGRESSIVE;
				GCC_WARN_UNUSED_FUNCTION = YES;
				GCC_WARN_UNUSED_VARIABLE = YES;
				IPHONEOS_DEPLOYMENT_TARGET = 8.1;
				MTL_ENABLE_DEBUG_INFO = NO;
				SDKROOT = iphoneos;
				VALIDATE_PRODUCT = YES;
			};
			name = Release;
		};
		AE8116CD1AADEB3D0091B3F3 /* Debug */ = {
			isa = XCBuildConfiguration;
			buildSettings = {
				ASSETCATALOG_COMPILER_APPICON_NAME = AppIcon;
				FRAMEWORK_SEARCH_PATHS = (
					"$(inherited)",
					/Volumes/DATA/Users/angarcia/Documents,
				);
				INFOPLIST_FILE = LoginDemo/Info.plist;
				LD_RUNPATH_SEARCH_PATHS = "$(inherited) @executable_path/Frameworks";
				PRODUCT_NAME = "$(TARGET_NAME)";
			};
			name = Debug;
		};
		AE8116CE1AADEB3D0091B3F3 /* Release */ = {
			isa = XCBuildConfiguration;
			buildSettings = {
				ASSETCATALOG_COMPILER_APPICON_NAME = AppIcon;
				FRAMEWORK_SEARCH_PATHS = (
					"$(inherited)",
					/Volumes/DATA/Users/angarcia/Documents,
				);
				INFOPLIST_FILE = LoginDemo/Info.plist;
				LD_RUNPATH_SEARCH_PATHS = "$(inherited) @executable_path/Frameworks";
				PRODUCT_NAME = "$(TARGET_NAME)";
			};
			name = Release;
		};
		AE8116D01AADEB3D0091B3F3 /* Debug */ = {
			isa = XCBuildConfiguration;
			buildSettings = {
				BUNDLE_LOADER = "$(TEST_HOST)";
				FRAMEWORK_SEARCH_PATHS = (
					"$(SDKROOT)/Developer/Library/Frameworks",
					"$(inherited)",
				);
				GCC_PREPROCESSOR_DEFINITIONS = (
					"DEBUG=1",
					"$(inherited)",
				);
				INFOPLIST_FILE = LoginDemoTests/Info.plist;
				LD_RUNPATH_SEARCH_PATHS = "$(inherited) @executable_path/Frameworks @loader_path/Frameworks";
				PRODUCT_NAME = "$(TARGET_NAME)";
				TEST_HOST = "$(BUILT_PRODUCTS_DIR)/LoginDemo.app/LoginDemo";
			};
			name = Debug;
		};
		AE8116D11AADEB3D0091B3F3 /* Release */ = {
			isa = XCBuildConfiguration;
			buildSettings = {
				BUNDLE_LOADER = "$(TEST_HOST)";
				FRAMEWORK_SEARCH_PATHS = (
					"$(SDKROOT)/Developer/Library/Frameworks",
					"$(inherited)",
				);
				INFOPLIST_FILE = LoginDemoTests/Info.plist;
				LD_RUNPATH_SEARCH_PATHS = "$(inherited) @executable_path/Frameworks @loader_path/Frameworks";
				PRODUCT_NAME = "$(TARGET_NAME)";
				TEST_HOST = "$(BUILT_PRODUCTS_DIR)/LoginDemo.app/LoginDemo";
			};
			name = Release;
		};
		cb2e5a64d43a3bb84b9c2d6e /* Debug */ = {
			isa = XCBuildConfiguration;
			buildSettings = {
				ASSETCATALOG_COMPILER_APPICON_NAME = AppIcon;
				FRAMEWORK_SEARCH_PATHS = (
					"$(inherited)",
					/Volumes/DATA/Users/angarcia/Documents,
					"$(SRCROOT)",
					"$(PROJECT_DIR)",
					/Volumes/DATA/Users/angarcia/Projects/Documents,
				);
				INFOPLIST_FILE = LoginDemo/Info.plist;
				LD_RUNPATH_SEARCH_PATHS = "$(inherited) @executable_path/Frameworks";
				OTHER_LDFLAGS = (
					"$(inherited)",
					"-force_load",
					"\"$(SRCROOT)/calabash.framework/calabash\"",
					"-lstdc++",
				);
				PRODUCT_NAME = "$(TARGET_NAME)";
			};
			name = Debug;
		};
/* End XCBuildConfiguration section */

/* Begin XCConfigurationList section */
		3b63204564caba807d13cbb1 /* Build configuration list for PBXNativeTarget "LoginDemo-cal" */ = {
			isa = XCConfigurationList;
			buildConfigurations = (
				cb2e5a64d43a3bb84b9c2d6e /* Debug */,
				7acd4a73b832846e3c58d1d3 /* Release */,
			);
			defaultConfigurationIsVisible = 0;
			defaultConfigurationName = Release;
		};
		AE8116A41AADEB3D0091B3F3 /* Build configuration list for PBXProject "LoginDemo" */ = {
			isa = XCConfigurationList;
			buildConfigurations = (
				AE8116CA1AADEB3D0091B3F3 /* Debug */,
				AE8116CB1AADEB3D0091B3F3 /* Release */,
			);
			defaultConfigurationIsVisible = 0;
			defaultConfigurationName = Release;
		};
		AE8116CC1AADEB3D0091B3F3 /* Build configuration list for PBXNativeTarget "LoginDemo" */ = {
			isa = XCConfigurationList;
			buildConfigurations = (
				AE8116CD1AADEB3D0091B3F3 /* Debug */,
				AE8116CE1AADEB3D0091B3F3 /* Release */,
			);
			defaultConfigurationIsVisible = 0;
			defaultConfigurationName = Release;
		};
		AE8116CF1AADEB3D0091B3F3 /* Build configuration list for PBXNativeTarget "LoginDemoTests" */ = {
			isa = XCConfigurationList;
			buildConfigurations = (
				AE8116D01AADEB3D0091B3F3 /* Debug */,
				AE8116D11AADEB3D0091B3F3 /* Release */,
			);
			defaultConfigurationIsVisible = 0;
			defaultConfigurationName = Release;
		};
/* End XCConfigurationList section */
	};
	rootObject = AE8116A11AADEB3D0091B3F3 /* Project object */;
}
